
Microsoft Visual Studio Solution File, Format Version 12.00
# Visual Studio Version 17
VisualStudioVersion = 17.0.31314.256
MinimumVisualStudioVersion = 10.0.40219.1
Project("{2150E333-8FDC-42A3-9474-1A3956D46DE8}") = "Engine", "Engine", "{233774A8-CC9D-3FA9-86D1-90573E92B704}"
EndProject
Project("{2150E333-8FDC-42A3-9474-1A3956D46DE8}") = "Games", "Games", "{DE1F8B53-6C02-3C13-9101-A7C8D96F3FF6}"
EndProject
Project("{8BC9CEB8-8B4A-11D0-8D11-00A0C91BC942}") = "Longvinter", "Intermediate\ProjectFiles\Longvinter.vcxproj", "{A5E3180D-241C-3313-8CA9-E320A6AD1193}"
EndProject
Project("{8BC9CEB8-8B4A-11D0-8D11-00A0C91BC942}") = "UE5", "Intermediate\ProjectFiles\UE5.vcxproj", "{F63133C8-BB5A-3039-8106-FAF3D41A5C58}"
EndProject
Project("{2150E333-8FDC-42A3-9474-1A3956D46DE8}") = "Visualizers", "Visualizers", "{1CCEC849-CC72-4C59-8C36-2F7C38706D4C}"
	ProjectSection(SolutionItems) = preProject
		..\Unreal\UE_5.1\Engine\Extras\VisualStudioDebugging\Unreal.natvis = ..\Unreal\UE_5.1\Engine\Extras\VisualStudioDebugging\Unreal.natvis
	EndProjectSection
EndProject
Global
	GlobalSection(SolutionConfigurationPlatforms) = preSolution
		DebugGame Client|Win64 = DebugGame Client|Win64
		DebugGame Editor|Win64 = DebugGame Editor|Win64
		DebugGame Server|Win64 = DebugGame Server|Win64
		DebugGame|Win64 = DebugGame|Win64
		Development Client|Win64 = Development Client|Win64
		Development Editor|Win64 = Development Editor|Win64
		Development Server|Win64 = Development Server|Win64
		Development|Win64 = Development|Win64
		Shipping Client|Win64 = Shipping Client|Win64
		Shipping Server|Win64 = Shipping Server|Win64
		Shipping|Win64 = Shipping|Win64
	EndGlobalSection
	# UnrealVS Section
	GlobalSection(ddbf523f-7eb6-4887-bd51-85a714ff87eb) = preSolution
		AvailablePlatforms=Win64
	EndGlobalSection
	GlobalSection(ProjectConfigurationPlatforms) = postSolution
		{A5E3180D-241C-3313-8CA9-E320A6AD1193}.DebugGame Client|Win64.ActiveCfg = DebugGame_Client|x64
		{A5E3180D-241C-3313-8CA9-E320A6AD1193}.DebugGame Client|Win64.Build.0 = DebugGame_Client|x64
		{A5E3180D-241C-3313-8CA9-E320A6AD1193}.DebugGame Editor|Win64.ActiveCfg = DebugGame_Editor|x64
		{A5E3180D-241C-3313-8CA9-E320A6AD1193}.DebugGame Editor|Win64.Build.0 = DebugGame_Editor|x64
		{A5E3180D-241C-3313-8CA9-E320A6AD1193}.DebugGame Server|Win64.ActiveCfg = DebugGame_Server|x64
		{A5E3180D-241C-3313-8CA9-E320A6AD1193}.DebugGame Server|Win64.Build.0 = DebugGame_Server|x64
		{A5E3180D-241C-3313-8CA9-E320A6AD1193}.DebugGame|Win64.ActiveCfg = DebugGame|x64
		{A5E3180D-241C-3313-8CA9-E320A6AD1193}.DebugGame|Win64.Build.0 = DebugGame|x64
		{A5E3180D-241C-3313-8CA9-E320A6AD1193}.Development Client|Win64.ActiveCfg = Development_Client|x64
		{A5E3180D-241C-3313-8CA9-E320A6AD1193}.Development Client|Win64.Build.0 = Development_Client|x64
		{A5E3180D-241C-3313-8CA9-E320A6AD1193}.Development Editor|Win64.ActiveCfg = Development_Editor|x64
		{A5E3180D-241C-3313-8CA9-E320A6AD1193}.Development Editor|Win64.Build.0 = Development_Editor|x64
		{A5E3180D-241C-3313-8CA9-E320A6AD1193}.Development Server|Win64.ActiveCfg = Development_Server|x64
		{A5E3180D-241C-3313-8CA9-E320A6AD1193}.Development Server|Win64.Build.0 = Development_Server|x64
		{A5E3180D-241C-3313-8CA9-E320A6AD1193}.Development|Win64.ActiveCfg = Development|x64
		{A5E3180D-241C-3313-8CA9-E320A6AD1193}.Development|Win64.Build.0 = Development|x64
		{A5E3180D-241C-3313-8CA9-E320A6AD1193}.Shipping Client|Win64.ActiveCfg = Shipping_Client|x64
		{A5E3180D-241C-3313-8CA9-E320A6AD1193}.Shipping Client|Win64.Build.0 = Shipping_Client|x64
		{A5E3180D-241C-3313-8CA9-E320A6AD1193}.Shipping Server|Win64.ActiveCfg = Shipping_Server|x64
		{A5E3180D-241C-3313-8CA9-E320A6AD1193}.Shipping Server|Win64.Build.0 = Shipping_Server|x64
		{A5E3180D-241C-3313-8CA9-E320A6AD1193}.Shipping|Win64.ActiveCfg = Shipping|x64
		{A5E3180D-241C-3313-8CA9-E320A6AD1193}.Shipping|Win64.Build.0 = Shipping|x64
		{F63133C8-BB5A-3039-8106-FAF3D41A5C58}.DebugGame Client|Win64.ActiveCfg = BuiltWithUnrealBuildTool|Win64
		{F63133C8-BB5A-3039-8106-FAF3D41A5C58}.DebugGame Editor|Win64.ActiveCfg = BuiltWithUnrealBuildTool|Win64
		{F63133C8-BB5A-3039-8106-FAF3D41A5C58}.DebugGame Server|Win64.ActiveCfg = BuiltWithUnrealBuildTool|Win64
		{F63133C8-BB5A-3039-8106-FAF3D41A5C58}.DebugGame|Win64.ActiveCfg = BuiltWithUnrealBuildTool|Win64
		{F63133C8-BB5A-3039-8106-FAF3D41A5C58}.Development Client|Win64.ActiveCfg = BuiltWithUnrealBuildTool|Win64
		{F63133C8-BB5A-3039-8106-FAF3D41A5C58}.Development Editor|Win64.ActiveCfg = BuiltWithUnrealBuildTool|Win64
		{F63133C8-BB5A-3039-8106-FAF3D41A5C58}.Development Server|Win64.ActiveCfg = BuiltWithUnrealBuildTool|Win64
		{F63133C8-BB5A-3039-8106-FAF3D41A5C58}.Development|Win64.ActiveCfg = BuiltWithUnrealBuildTool|Win64
		{F63133C8-BB5A-3039-8106-FAF3D41A5C58}.Shipping Client|Win64.ActiveCfg = BuiltWithUnrealBuildTool|Win64
		{F63133C8-BB5A-3039-8106-FAF3D41A5C58}.Shipping Server|Win64.ActiveCfg = BuiltWithUnrealBuildTool|Win64
		{F63133C8-BB5A-3039-8106-FAF3D41A5C58}.Shipping|Win64.ActiveCfg = BuiltWithUnrealBuildTool|Win64
	EndGlobalSection
	GlobalSection(SolutionProperties) = preSolution
		HideSolutionNode = FALSE
	EndGlobalSection
	GlobalSection(NestedProjects) = preSolution
		{F63133C8-BB5A-3039-8106-FAF3D41A5C58} = {233774A8-CC9D-3FA9-86D1-90573E92B704}
		{A5E3180D-241C-3313-8CA9-E320A6AD1193} = {DE1F8B53-6C02-3C13-9101-A7C8D96F3FF6}
	EndGlobalSection
EndGlobal
